
Microsoft Visual Studio Solution File, Format Version 12.00
# Visual Studio 15
VisualStudioVersion = 15.0.28307.1022
MinimumVisualStudioVersion = 10.0.40219.1
Project("{FAE04EC0-301F-11D3-BF4B-00C04F79EFBC}") = "Week2Assignment1Exercise1", "Week2Assignment1Exercise1\Week2Assignment1Exercise1.csproj", "{41680441-F7CF-4B17-A06A-D7D67CA92E79}"
EndProject
Global
	GlobalSection(SolutionConfigurationPlatforms) = preSolution
		Debug|Any CPU = Debug|Any CPU
		Release|Any CPU = Release|Any CPU
	EndGlobalSection
	GlobalSection(ProjectConfigurationPlatforms) = postSolution
		{41680441-F7CF-4B17-A06A-D7D67CA92E79}.Debug|Any CPU.ActiveCfg = Debug|Any CPU
		{41680441-F7CF-4B17-A06A-D7D67CA92E79}.Debug|Any CPU.Build.0 = Debug|Any CPU
		{41680441-F7CF-4B17-A06A-D7D67CA92E79}.Release|Any CPU.ActiveCfg = Release|Any CPU
		{41680441-F7CF-4B17-A06A-D7D67CA92E79}.Release|Any CPU.Build.0 = Release|Any CPU
	EndGlobalSection
	GlobalSection(SolutionProperties) = preSolution
		HideSolutionNode = FALSE
	EndGlobalSection
	GlobalSection(ExtensibilityGlobals) = postSolution
		SolutionGuid = {EAE199F5-8B2D-4F42-AC60-543DAE0A398B}
	EndGlobalSection
EndGlobal
